
Microsoft Visual Studio Solution File, Format Version 12.00
# Visual Studio Version 17
VisualStudioVersion = 17.2.32505.173
MinimumVisualStudioVersion = 10.0.40219.1
Project("{9A19103F-16F7-4668-BE54-9A1E7A4F7556}") = "1.2.Snake", "Snake\1.2.Snake.csproj", "{F3F531E6-1828-4854-827D-24C9C0441C9A}"
EndProject
Project("{9A19103F-16F7-4668-BE54-9A1E7A4F7556}") = "1.1.Bombs", "Bombs\1.1.Bombs.csproj", "{116A6998-7CB9-47AD-8371-AACE3BC5EEC6}"
EndProject
Project("{9A19103F-16F7-4668-BE54-9A1E7A4F7556}") = "1.3.Parking", "Parking\1.3.Parking.csproj", "{8E26BEC9-EFCB-43F8-8AA5-6250AD86E623}"
EndProject
Project("{9A19103F-16F7-4668-BE54-9A1E7A4F7556}") = "2.1.FlowerWreaths", "FlowerWreaths\2.1.FlowerWreaths.csproj", "{A44263D1-40AE-4216-B539-12B5965FC595}"
EndProject
Project("{9A19103F-16F7-4668-BE54-9A1E7A4F7556}") = "2.2.Bee", "Bee\2.2.Bee.csproj", "{A3756CE7-FC00-4EFF-BC7B-62151A090BF2}"
EndProject
Project("{9A19103F-16F7-4668-BE54-9A1E7A4F7556}") = "2.3.VetClinic", "VetClinic\2.3.VetClinic.csproj", "{2759AAC6-CD0E-4EF0-9473-D934EE682231}"
EndProject
Project("{9A19103F-16F7-4668-BE54-9A1E7A4F7556}") = "3.1.Scheduling", "Scheduling\3.1.Scheduling.csproj", "{C4E60C71-C36B-43DC-B052-223DD9BA51FF}"
EndProject
Project("{9A19103F-16F7-4668-BE54-9A1E7A4F7556}") = "3.2.Garden", "Garden\3.2.Garden.csproj", "{9EA6E11B-09B1-4B8F-BE76-6A2C23766694}"
EndProject
Project("{9A19103F-16F7-4668-BE54-9A1E7A4F7556}") = "3.3.Classroom", "Classroom\3.3.Classroom.csproj", "{946F6958-A9BF-4FD7-B81D-C011C2A12CF3}"
EndProject
Project("{9A19103F-16F7-4668-BE54-9A1E7A4F7556}") = "4.1.Cooking", "Cooking\4.1.Cooking.csproj", "{EDB96693-C9FB-4302-B68F-47B16623D2AE}"
EndProject
Project("{9A19103F-16F7-4668-BE54-9A1E7A4F7556}") = "4.2.Selling", "4.2.Selling\4.2.Selling.csproj", "{2EBBE9FA-BF5D-4109-9F60-D9FAB46192D8}"
EndProject
Project("{9A19103F-16F7-4668-BE54-9A1E7A4F7556}") = "4.3.BakeryOpenning", "BakeryOpenning\4.3.BakeryOpenning.csproj", "{23679C28-9F9E-4D6F-89A2-20A18FF40A65}"
EndProject
Project("{9A19103F-16F7-4668-BE54-9A1E7A4F7556}") = "5.1.TheFightForGondor", "5.1.TheFightForGondor\5.1.TheFightForGondor.csproj", "{B1E9AF32-EF07-4E21-8E10-07C07A3ED8B3}"
EndProject
Project("{9A19103F-16F7-4668-BE54-9A1E7A4F7556}") = "5.2.Warships", "5.2.Warships\5.2.Warships.csproj", "{F2C040D0-006C-4BEF-A992-CDAB599F7742}"
EndProject
Project("{9A19103F-16F7-4668-BE54-9A1E7A4F7556}") = "5.3.TheRace", "5.3.TheRace\5.3.TheRace.csproj", "{A531E38C-6738-41A4-998E-4C10DA1B19D4}"
EndProject
Project("{9A19103F-16F7-4668-BE54-9A1E7A4F7556}") = "6.1.WarmWinter", "6.1.WarmWinter\6.1.WarmWinter.csproj", "{4FD92F00-951A-4A62-883E-46538F031F79}"
EndProject
Project("{9A19103F-16F7-4668-BE54-9A1E7A4F7556}") = "6.2.SuperMario", "6.2.SuperMario\6.2.SuperMario.csproj", "{91C66CF2-5247-40CA-B70E-EBB1D5BD92C6}"
EndProject
Project("{9A19103F-16F7-4668-BE54-9A1E7A4F7556}") = "6.3.CocktailParty", "6.3.CocktailParty\6.3.CocktailParty.csproj", "{42543897-EF53-4427-9A8B-970EC5CCB265}"
EndProject
Project("{9A19103F-16F7-4668-BE54-9A1E7A4F7556}") = "7.1.Lootbox", "7.1.Lootbox\7.1.Lootbox.csproj", "{BE251491-82DB-421A-A515-663A003B7F04}"
EndProject
Project("{9A19103F-16F7-4668-BE54-9A1E7A4F7556}") = "7.2.Re-Volt", "7.2.Re-Volt\7.2.Re-Volt.csproj", "{8DE50897-DD69-4B60-AE9B-A17F08C39ECF}"
EndProject
Project("{9A19103F-16F7-4668-BE54-9A1E7A4F7556}") = "7.3.Guild", "7.3.Guild\7.3.Guild.csproj", "{198D04F8-B3BD-41E7-B0D8-4AAE4490794C}"
EndProject
Project("{9A19103F-16F7-4668-BE54-9A1E7A4F7556}") = "8.1.Masterchef", "8.1.Masterchef\8.1.Masterchef.csproj", "{277CBE77-1C5B-4AAE-9466-9D5DCEAB064F}"
EndProject
Project("{9A19103F-16F7-4668-BE54-9A1E7A4F7556}") = "8.2.Survivor", "8.2.Survivor\8.2.Survivor.csproj", "{412B716F-F6C9-430D-9DFF-852914A67469}"
EndProject
Project("{9A19103F-16F7-4668-BE54-9A1E7A4F7556}") = "8.3.SkiRental", "SkiRental\8.3.SkiRental.csproj", "{FFC95E77-7C5D-4CD2-BF55-BC03945EB6FF}"
EndProject
Project("{9A19103F-16F7-4668-BE54-9A1E7A4F7556}") = "9.1.BirthdayCelebration", "9.1.BirthdayCelebration\9.1.BirthdayCelebration.csproj", "{E3BC8F78-A6A3-4271-830C-B0B6CFBFF22F}"
EndProject
Project("{9A19103F-16F7-4668-BE54-9A1E7A4F7556}") = "9.2.TheBattleOfTheFiveArmies", "9.2.TheBattleOfTheFiveArmies\9.2.TheBattleOfTheFiveArmies.csproj", "{E7CF5976-722D-46E0-A4CF-DA7169F95BDC}"
EndProject
Project("{9A19103F-16F7-4668-BE54-9A1E7A4F7556}") = "9.3.StreetRacing", "9.3.StreetRacing\9.3.StreetRacing.csproj", "{F3932D52-933C-4797-9314-1ECC37FC73FB}"
EndProject
Project("{9A19103F-16F7-4668-BE54-9A1E7A4F7556}") = "10.1.FoodFinder", "10.1.FoodFinder\10.1.FoodFinder.csproj", "{E7BBEE5A-FE79-4A7A-A7E6-89F3E8276BA9}"
EndProject
Project("{9A19103F-16F7-4668-BE54-9A1E7A4F7556}") = "10.2.PawnWars", "10.2.PawnWars\10.2.PawnWars.csproj", "{4914A9B6-080F-46DD-AE70-29EEAB3281EC}"
EndProject
Project("{9A19103F-16F7-4668-BE54-9A1E7A4F7556}") = "10.3.StockMarket", "10.3.StockMarket\10.3.StockMarket.csproj", "{9C5FA9FF-8A8E-4487-A3D6-D90F7BF32EF8}"
EndProject
Project("{9A19103F-16F7-4668-BE54-9A1E7A4F7556}") = "10.02.PawnWars", "10.02.PawnWars\10.02.PawnWars.csproj", "{35A7E602-5C5B-406A-9A1A-C5851533D48F}"
EndProject
Project("{FAE04EC0-301F-11D3-BF4B-00C04F79EFBC}") = "11.1.Blacksmith", "11.1.Blacksmith\11.1.Blacksmith.csproj", "{3515E664-490D-47E3-A39A-828077DEFF27}"
EndProject
Project("{FAE04EC0-301F-11D3-BF4B-00C04F79EFBC}") = "11.2.Armory", "11.2.Armory\11.2.Armory.csproj", "{6B845D0B-271A-4CFB-B228-675986EB2C4B}"
EndProject
Project("{FAE04EC0-301F-11D3-BF4B-00C04F79EFBC}") = "11.3.Drones", "12.3.Drones\11.3.Drones.csproj", "{DC168A50-7F09-48E6-9B4A-8B7EA2AF3828}"
EndProject
Project("{FAE04EC0-301F-11D3-BF4B-00C04F79EFBC}") = "12.1.BakeryShop", "12.1.BakeryShop\12.1.BakeryShop.csproj", "{96090166-8D71-455E-9715-753DE2AE7AEB}"
EndProject
Project("{FAE04EC0-301F-11D3-BF4B-00C04F79EFBC}") = "12.2.BeaverAtWork", "12.2.BeaverAtWork\12.2.BeaverAtWork.csproj", "{393887E6-D396-4903-8660-39D9C5EDA87F}"
EndProject
Project("{FAE04EC0-301F-11D3-BF4B-00C04F79EFBC}") = "12.3.FishingNet", "12.3.FishingNet\12.3.FishingNet.csproj", "{D17EA42B-A326-4D26-B95A-3AC3B60280C7}"
EndProject
Global
	GlobalSection(SolutionConfigurationPlatforms) = preSolution
		Debug|Any CPU = Debug|Any CPU
		Release|Any CPU = Release|Any CPU
	EndGlobalSection
	GlobalSection(ProjectConfigurationPlatforms) = postSolution
		{F3F531E6-1828-4854-827D-24C9C0441C9A}.Debug|Any CPU.ActiveCfg = Debug|Any CPU
		{F3F531E6-1828-4854-827D-24C9C0441C9A}.Debug|Any CPU.Build.0 = Debug|Any CPU
		{F3F531E6-1828-4854-827D-24C9C0441C9A}.Release|Any CPU.ActiveCfg = Release|Any CPU
		{F3F531E6-1828-4854-827D-24C9C0441C9A}.Release|Any CPU.Build.0 = Release|Any CPU
		{116A6998-7CB9-47AD-8371-AACE3BC5EEC6}.Debug|Any CPU.ActiveCfg = Debug|Any CPU
		{116A6998-7CB9-47AD-8371-AACE3BC5EEC6}.Debug|Any CPU.Build.0 = Debug|Any CPU
		{116A6998-7CB9-47AD-8371-AACE3BC5EEC6}.Release|Any CPU.ActiveCfg = Release|Any CPU
		{116A6998-7CB9-47AD-8371-AACE3BC5EEC6}.Release|Any CPU.Build.0 = Release|Any CPU
		{8E26BEC9-EFCB-43F8-8AA5-6250AD86E623}.Debug|Any CPU.ActiveCfg = Debug|Any CPU
		{8E26BEC9-EFCB-43F8-8AA5-6250AD86E623}.Debug|Any CPU.Build.0 = Debug|Any CPU
		{8E26BEC9-EFCB-43F8-8AA5-6250AD86E623}.Release|Any CPU.ActiveCfg = Release|Any CPU
		{8E26BEC9-EFCB-43F8-8AA5-6250AD86E623}.Release|Any CPU.Build.0 = Release|Any CPU
		{A44263D1-40AE-4216-B539-12B5965FC595}.Debug|Any CPU.ActiveCfg = Debug|Any CPU
		{A44263D1-40AE-4216-B539-12B5965FC595}.Debug|Any CPU.Build.0 = Debug|Any CPU
		{A44263D1-40AE-4216-B539-12B5965FC595}.Release|Any CPU.ActiveCfg = Release|Any CPU
		{A44263D1-40AE-4216-B539-12B5965FC595}.Release|Any CPU.Build.0 = Release|Any CPU
		{A3756CE7-FC00-4EFF-BC7B-62151A090BF2}.Debug|Any CPU.ActiveCfg = Debug|Any CPU
		{A3756CE7-FC00-4EFF-BC7B-62151A090BF2}.Debug|Any CPU.Build.0 = Debug|Any CPU
		{A3756CE7-FC00-4EFF-BC7B-62151A090BF2}.Release|Any CPU.ActiveCfg = Release|Any CPU
		{A3756CE7-FC00-4EFF-BC7B-62151A090BF2}.Release|Any CPU.Build.0 = Release|Any CPU
		{2759AAC6-CD0E-4EF0-9473-D934EE682231}.Debug|Any CPU.ActiveCfg = Debug|Any CPU
		{2759AAC6-CD0E-4EF0-9473-D934EE682231}.Debug|Any CPU.Build.0 = Debug|Any CPU
		{2759AAC6-CD0E-4EF0-9473-D934EE682231}.Release|Any CPU.ActiveCfg = Release|Any CPU
		{2759AAC6-CD0E-4EF0-9473-D934EE682231}.Release|Any CPU.Build.0 = Release|Any CPU
		{C4E60C71-C36B-43DC-B052-223DD9BA51FF}.Debug|Any CPU.ActiveCfg = Debug|Any CPU
		{C4E60C71-C36B-43DC-B052-223DD9BA51FF}.Debug|Any CPU.Build.0 = Debug|Any CPU
		{C4E60C71-C36B-43DC-B052-223DD9BA51FF}.Release|Any CPU.ActiveCfg = Release|Any CPU
		{C4E60C71-C36B-43DC-B052-223DD9BA51FF}.Release|Any CPU.Build.0 = Release|Any CPU
		{9EA6E11B-09B1-4B8F-BE76-6A2C23766694}.Debug|Any CPU.ActiveCfg = Debug|Any CPU
		{9EA6E11B-09B1-4B8F-BE76-6A2C23766694}.Debug|Any CPU.Build.0 = Debug|Any CPU
		{9EA6E11B-09B1-4B8F-BE76-6A2C23766694}.Release|Any CPU.ActiveCfg = Release|Any CPU
		{9EA6E11B-09B1-4B8F-BE76-6A2C23766694}.Release|Any CPU.Build.0 = Release|Any CPU
		{946F6958-A9BF-4FD7-B81D-C011C2A12CF3}.Debug|Any CPU.ActiveCfg = Debug|Any CPU
		{946F6958-A9BF-4FD7-B81D-C011C2A12CF3}.Debug|Any CPU.Build.0 = Debug|Any CPU
		{946F6958-A9BF-4FD7-B81D-C011C2A12CF3}.Release|Any CPU.ActiveCfg = Release|Any CPU
		{946F6958-A9BF-4FD7-B81D-C011C2A12CF3}.Release|Any CPU.Build.0 = Release|Any CPU
		{EDB96693-C9FB-4302-B68F-47B16623D2AE}.Debug|Any CPU.ActiveCfg = Debug|Any CPU
		{EDB96693-C9FB-4302-B68F-47B16623D2AE}.Debug|Any CPU.Build.0 = Debug|Any CPU
		{EDB96693-C9FB-4302-B68F-47B16623D2AE}.Release|Any CPU.ActiveCfg = Release|Any CPU
		{EDB96693-C9FB-4302-B68F-47B16623D2AE}.Release|Any CPU.Build.0 = Release|Any CPU
		{2EBBE9FA-BF5D-4109-9F60-D9FAB46192D8}.Debug|Any CPU.ActiveCfg = Debug|Any CPU
		{2EBBE9FA-BF5D-4109-9F60-D9FAB46192D8}.Debug|Any CPU.Build.0 = Debug|Any CPU
		{2EBBE9FA-BF5D-4109-9F60-D9FAB46192D8}.Release|Any CPU.ActiveCfg = Release|Any CPU
		{2EBBE9FA-BF5D-4109-9F60-D9FAB46192D8}.Release|Any CPU.Build.0 = Release|Any CPU
		{23679C28-9F9E-4D6F-89A2-20A18FF40A65}.Debug|Any CPU.ActiveCfg = Debug|Any CPU
		{23679C28-9F9E-4D6F-89A2-20A18FF40A65}.Debug|Any CPU.Build.0 = Debug|Any CPU
		{23679C28-9F9E-4D6F-89A2-20A18FF40A65}.Release|Any CPU.ActiveCfg = Release|Any CPU
		{23679C28-9F9E-4D6F-89A2-20A18FF40A65}.Release|Any CPU.Build.0 = Release|Any CPU
		{B1E9AF32-EF07-4E21-8E10-07C07A3ED8B3}.Debug|Any CPU.ActiveCfg = Debug|Any CPU
		{B1E9AF32-EF07-4E21-8E10-07C07A3ED8B3}.Debug|Any CPU.Build.0 = Debug|Any CPU
		{B1E9AF32-EF07-4E21-8E10-07C07A3ED8B3}.Release|Any CPU.ActiveCfg = Release|Any CPU
		{B1E9AF32-EF07-4E21-8E10-07C07A3ED8B3}.Release|Any CPU.Build.0 = Release|Any CPU
		{F2C040D0-006C-4BEF-A992-CDAB599F7742}.Debug|Any CPU.ActiveCfg = Debug|Any CPU
		{F2C040D0-006C-4BEF-A992-CDAB599F7742}.Debug|Any CPU.Build.0 = Debug|Any CPU
		{F2C040D0-006C-4BEF-A992-CDAB599F7742}.Release|Any CPU.ActiveCfg = Release|Any CPU
		{F2C040D0-006C-4BEF-A992-CDAB599F7742}.Release|Any CPU.Build.0 = Release|Any CPU
		{A531E38C-6738-41A4-998E-4C10DA1B19D4}.Debug|Any CPU.ActiveCfg = Debug|Any CPU
		{A531E38C-6738-41A4-998E-4C10DA1B19D4}.Debug|Any CPU.Build.0 = Debug|Any CPU
		{A531E38C-6738-41A4-998E-4C10DA1B19D4}.Release|Any CPU.ActiveCfg = Release|Any CPU
		{A531E38C-6738-41A4-998E-4C10DA1B19D4}.Release|Any CPU.Build.0 = Release|Any CPU
		{4FD92F00-951A-4A62-883E-46538F031F79}.Debug|Any CPU.ActiveCfg = Debug|Any CPU
		{4FD92F00-951A-4A62-883E-46538F031F79}.Debug|Any CPU.Build.0 = Debug|Any CPU
		{4FD92F00-951A-4A62-883E-46538F031F79}.Release|Any CPU.ActiveCfg = Release|Any CPU
		{4FD92F00-951A-4A62-883E-46538F031F79}.Release|Any CPU.Build.0 = Release|Any CPU
		{91C66CF2-5247-40CA-B70E-EBB1D5BD92C6}.Debug|Any CPU.ActiveCfg = Debug|Any CPU
		{91C66CF2-5247-40CA-B70E-EBB1D5BD92C6}.Debug|Any CPU.Build.0 = Debug|Any CPU
		{91C66CF2-5247-40CA-B70E-EBB1D5BD92C6}.Release|Any CPU.ActiveCfg = Release|Any CPU
		{91C66CF2-5247-40CA-B70E-EBB1D5BD92C6}.Release|Any CPU.Build.0 = Release|Any CPU
		{42543897-EF53-4427-9A8B-970EC5CCB265}.Debug|Any CPU.ActiveCfg = Debug|Any CPU
		{42543897-EF53-4427-9A8B-970EC5CCB265}.Debug|Any CPU.Build.0 = Debug|Any CPU
		{42543897-EF53-4427-9A8B-970EC5CCB265}.Release|Any CPU.ActiveCfg = Release|Any CPU
		{42543897-EF53-4427-9A8B-970EC5CCB265}.Release|Any CPU.Build.0 = Release|Any CPU
		{BE251491-82DB-421A-A515-663A003B7F04}.Debug|Any CPU.ActiveCfg = Debug|Any CPU
		{BE251491-82DB-421A-A515-663A003B7F04}.Debug|Any CPU.Build.0 = Debug|Any CPU
		{BE251491-82DB-421A-A515-663A003B7F04}.Release|Any CPU.ActiveCfg = Release|Any CPU
		{BE251491-82DB-421A-A515-663A003B7F04}.Release|Any CPU.Build.0 = Release|Any CPU
		{8DE50897-DD69-4B60-AE9B-A17F08C39ECF}.Debug|Any CPU.ActiveCfg = Debug|Any CPU
		{8DE50897-DD69-4B60-AE9B-A17F08C39ECF}.Debug|Any CPU.Build.0 = Debug|Any CPU
		{8DE50897-DD69-4B60-AE9B-A17F08C39ECF}.Release|Any CPU.ActiveCfg = Release|Any CPU
		{8DE50897-DD69-4B60-AE9B-A17F08C39ECF}.Release|Any CPU.Build.0 = Release|Any CPU
		{198D04F8-B3BD-41E7-B0D8-4AAE4490794C}.Debug|Any CPU.ActiveCfg = Debug|Any CPU
		{198D04F8-B3BD-41E7-B0D8-4AAE4490794C}.Debug|Any CPU.Build.0 = Debug|Any CPU
		{198D04F8-B3BD-41E7-B0D8-4AAE4490794C}.Release|Any CPU.ActiveCfg = Release|Any CPU
		{198D04F8-B3BD-41E7-B0D8-4AAE4490794C}.Release|Any CPU.Build.0 = Release|Any CPU
		{277CBE77-1C5B-4AAE-9466-9D5DCEAB064F}.Debug|Any CPU.ActiveCfg = Debug|Any CPU
		{277CBE77-1C5B-4AAE-9466-9D5DCEAB064F}.Debug|Any CPU.Build.0 = Debug|Any CPU
		{277CBE77-1C5B-4AAE-9466-9D5DCEAB064F}.Release|Any CPU.ActiveCfg = Release|Any CPU
		{277CBE77-1C5B-4AAE-9466-9D5DCEAB064F}.Release|Any CPU.Build.0 = Release|Any CPU
		{412B716F-F6C9-430D-9DFF-852914A67469}.Debug|Any CPU.ActiveCfg = Debug|Any CPU
		{412B716F-F6C9-430D-9DFF-852914A67469}.Debug|Any CPU.Build.0 = Debug|Any CPU
		{412B716F-F6C9-430D-9DFF-852914A67469}.Release|Any CPU.ActiveCfg = Release|Any CPU
		{412B716F-F6C9-430D-9DFF-852914A67469}.Release|Any CPU.Build.0 = Release|Any CPU
		{FFC95E77-7C5D-4CD2-BF55-BC03945EB6FF}.Debug|Any CPU.ActiveCfg = Debug|Any CPU
		{FFC95E77-7C5D-4CD2-BF55-BC03945EB6FF}.Debug|Any CPU.Build.0 = Debug|Any CPU
		{FFC95E77-7C5D-4CD2-BF55-BC03945EB6FF}.Release|Any CPU.ActiveCfg = Release|Any CPU
		{FFC95E77-7C5D-4CD2-BF55-BC03945EB6FF}.Release|Any CPU.Build.0 = Release|Any CPU
		{E3BC8F78-A6A3-4271-830C-B0B6CFBFF22F}.Debug|Any CPU.ActiveCfg = Debug|Any CPU
		{E3BC8F78-A6A3-4271-830C-B0B6CFBFF22F}.Debug|Any CPU.Build.0 = Debug|Any CPU
		{E3BC8F78-A6A3-4271-830C-B0B6CFBFF22F}.Release|Any CPU.ActiveCfg = Release|Any CPU
		{E3BC8F78-A6A3-4271-830C-B0B6CFBFF22F}.Release|Any CPU.Build.0 = Release|Any CPU
		{E7CF5976-722D-46E0-A4CF-DA7169F95BDC}.Debug|Any CPU.ActiveCfg = Debug|Any CPU
		{E7CF5976-722D-46E0-A4CF-DA7169F95BDC}.Debug|Any CPU.Build.0 = Debug|Any CPU
		{E7CF5976-722D-46E0-A4CF-DA7169F95BDC}.Release|Any CPU.ActiveCfg = Release|Any CPU
		{E7CF5976-722D-46E0-A4CF-DA7169F95BDC}.Release|Any CPU.Build.0 = Release|Any CPU
		{F3932D52-933C-4797-9314-1ECC37FC73FB}.Debug|Any CPU.ActiveCfg = Debug|Any CPU
		{F3932D52-933C-4797-9314-1ECC37FC73FB}.Debug|Any CPU.Build.0 = Debug|Any CPU
		{F3932D52-933C-4797-9314-1ECC37FC73FB}.Release|Any CPU.ActiveCfg = Release|Any CPU
		{F3932D52-933C-4797-9314-1ECC37FC73FB}.Release|Any CPU.Build.0 = Release|Any CPU
		{E7BBEE5A-FE79-4A7A-A7E6-89F3E8276BA9}.Debug|Any CPU.ActiveCfg = Debug|Any CPU
		{E7BBEE5A-FE79-4A7A-A7E6-89F3E8276BA9}.Debug|Any CPU.Build.0 = Debug|Any CPU
		{E7BBEE5A-FE79-4A7A-A7E6-89F3E8276BA9}.Release|Any CPU.ActiveCfg = Release|Any CPU
		{E7BBEE5A-FE79-4A7A-A7E6-89F3E8276BA9}.Release|Any CPU.Build.0 = Release|Any CPU
		{4914A9B6-080F-46DD-AE70-29EEAB3281EC}.Debug|Any CPU.ActiveCfg = Debug|Any CPU
		{4914A9B6-080F-46DD-AE70-29EEAB3281EC}.Debug|Any CPU.Build.0 = Debug|Any CPU
		{4914A9B6-080F-46DD-AE70-29EEAB3281EC}.Release|Any CPU.ActiveCfg = Release|Any CPU
		{4914A9B6-080F-46DD-AE70-29EEAB3281EC}.Release|Any CPU.Build.0 = Release|Any CPU
		{9C5FA9FF-8A8E-4487-A3D6-D90F7BF32EF8}.Debug|Any CPU.ActiveCfg = Debug|Any CPU
		{9C5FA9FF-8A8E-4487-A3D6-D90F7BF32EF8}.Debug|Any CPU.Build.0 = Debug|Any CPU
		{9C5FA9FF-8A8E-4487-A3D6-D90F7BF32EF8}.Release|Any CPU.ActiveCfg = Release|Any CPU
		{9C5FA9FF-8A8E-4487-A3D6-D90F7BF32EF8}.Release|Any CPU.Build.0 = Release|Any CPU
		{35A7E602-5C5B-406A-9A1A-C5851533D48F}.Debug|Any CPU.ActiveCfg = Debug|Any CPU
		{35A7E602-5C5B-406A-9A1A-C5851533D48F}.Debug|Any CPU.Build.0 = Debug|Any CPU
		{35A7E602-5C5B-406A-9A1A-C5851533D48F}.Release|Any CPU.ActiveCfg = Release|Any CPU
		{35A7E602-5C5B-406A-9A1A-C5851533D48F}.Release|Any CPU.Build.0 = Release|Any CPU
		{3515E664-490D-47E3-A39A-828077DEFF27}.Debug|Any CPU.ActiveCfg = Debug|Any CPU
		{3515E664-490D-47E3-A39A-828077DEFF27}.Debug|Any CPU.Build.0 = Debug|Any CPU
		{3515E664-490D-47E3-A39A-828077DEFF27}.Release|Any CPU.ActiveCfg = Release|Any CPU
		{3515E664-490D-47E3-A39A-828077DEFF27}.Release|Any CPU.Build.0 = Release|Any CPU
		{6B845D0B-271A-4CFB-B228-675986EB2C4B}.Debug|Any CPU.ActiveCfg = Debug|Any CPU
		{6B845D0B-271A-4CFB-B228-675986EB2C4B}.Debug|Any CPU.Build.0 = Debug|Any CPU
		{6B845D0B-271A-4CFB-B228-675986EB2C4B}.Release|Any CPU.ActiveCfg = Release|Any CPU
		{6B845D0B-271A-4CFB-B228-675986EB2C4B}.Release|Any CPU.Build.0 = Release|Any CPU
		{DC168A50-7F09-48E6-9B4A-8B7EA2AF3828}.Debug|Any CPU.ActiveCfg = Debug|Any CPU
		{DC168A50-7F09-48E6-9B4A-8B7EA2AF3828}.Debug|Any CPU.Build.0 = Debug|Any CPU
		{DC168A50-7F09-48E6-9B4A-8B7EA2AF3828}.Release|Any CPU.ActiveCfg = Release|Any CPU
		{DC168A50-7F09-48E6-9B4A-8B7EA2AF3828}.Release|Any CPU.Build.0 = Release|Any CPU
		{96090166-8D71-455E-9715-753DE2AE7AEB}.Debug|Any CPU.ActiveCfg = Debug|Any CPU
		{96090166-8D71-455E-9715-753DE2AE7AEB}.Debug|Any CPU.Build.0 = Debug|Any CPU
		{96090166-8D71-455E-9715-753DE2AE7AEB}.Release|Any CPU.ActiveCfg = Release|Any CPU
		{96090166-8D71-455E-9715-753DE2AE7AEB}.Release|Any CPU.Build.0 = Release|Any CPU
		{393887E6-D396-4903-8660-39D9C5EDA87F}.Debug|Any CPU.ActiveCfg = Debug|Any CPU
		{393887E6-D396-4903-8660-39D9C5EDA87F}.Debug|Any CPU.Build.0 = Debug|Any CPU
		{393887E6-D396-4903-8660-39D9C5EDA87F}.Release|Any CPU.ActiveCfg = Release|Any CPU
		{393887E6-D396-4903-8660-39D9C5EDA87F}.Release|Any CPU.Build.0 = Release|Any CPU
		{D17EA42B-A326-4D26-B95A-3AC3B60280C7}.Debug|Any CPU.ActiveCfg = Debug|Any CPU
		{D17EA42B-A326-4D26-B95A-3AC3B60280C7}.Debug|Any CPU.Build.0 = Debug|Any CPU
		{D17EA42B-A326-4D26-B95A-3AC3B60280C7}.Release|Any CPU.ActiveCfg = Release|Any CPU
		{D17EA42B-A326-4D26-B95A-3AC3B60280C7}.Release|Any CPU.Build.0 = Release|Any CPU
	EndGlobalSection
	GlobalSection(SolutionProperties) = preSolution
		HideSolutionNode = FALSE
	EndGlobalSection
	GlobalSection(ExtensibilityGlobals) = postSolution
		SolutionGuid = {4BF95157-9964-4BDD-A2D7-D1A5BF677B25}
	EndGlobalSection
EndGlobal
